
Microsoft Visual Studio Solution File, Format Version 12.00
# Visual Studio Version 16
VisualStudioVersion = 16.0.28729.10
MinimumVisualStudioVersion = 10.0.40219.1
Project("{2150E333-8FDC-42A3-9474-1A3956D46DE8}") = "Feature", "Feature", "{EBD32547-E4EC-47C5-AD12-0188C2ECE110}"
EndProject
Project("{2150E333-8FDC-42A3-9474-1A3956D46DE8}") = "Foundation", "Foundation", "{D0DD1773-D94E-47FC-9310-952C4ECEF69A}"
EndProject
Project("{2150E333-8FDC-42A3-9474-1A3956D46DE8}") = "Project", "Project", "{7A4E2EF5-1270-4001-92CD-6BC37E046205}"
EndProject
Project("{2150E333-8FDC-42A3-9474-1A3956D46DE8}") = "BasicCompany", "BasicCompany", "{2EB8DFF2-D05E-42B8-80B5-720E0BCE01BB}"
EndProject
Project("{FAE04EC0-301F-11D3-BF4B-00C04F79EFBC}") = "BasicCompany.Project.BasicCompany", "src\Project\BasicCompany\website\BasicCompany.Project.BasicCompany.csproj", "{816F099C-E14B-4468-9E34-87F993C6484D}"
EndProject
Project("{2150E333-8FDC-42A3-9474-1A3956D46DE8}") = "Environment", "Environment", "{284C1E9C-9BD5-43BD-ADE2-8F5EFDC868D4}"
EndProject
Project("{2150E333-8FDC-42A3-9474-1A3956D46DE8}") = "Serialization", "Serialization", "{3FD32CAB-608B-4B92-A915-021E0EB11EC9}"
EndProject
Project("{FAE04EC0-301F-11D3-BF4B-00C04F79EFBC}") = "BasicCompany.Foundation.Serialization", "src\Foundation\Serialization\website\BasicCompany.Foundation.Serialization.csproj", "{8AC1D13A-3CD5-40BE-B392-363EAB8578D2}"
EndProject
Project("{2150E333-8FDC-42A3-9474-1A3956D46DE8}") = "BasicContent", "BasicContent", "{9EF7E16A-71A7-48EB-823D-E682867B311E}"
EndProject
Project("{FAE04EC0-301F-11D3-BF4B-00C04F79EFBC}") = "BasicCompany.Feature.BasicContent", "src\Feature\BasicContent\website\BasicCompany.Feature.BasicContent.csproj", "{86B7E1BD-DC6D-45DB-B11B-255B18C3CF62}"
EndProject
Project("{2150E333-8FDC-42A3-9474-1A3956D46DE8}") = "Navigation", "Navigation", "{3ED9BCB0-E918-456C-991A-9B033C17D92B}"
EndProject
Project("{FAE04EC0-301F-11D3-BF4B-00C04F79EFBC}") = "BasicCompany.Feature.Navigation", "src\Feature\Navigation\website\BasicCompany.Feature.Navigation.csproj", "{6005F3A9-BB98-4F06-A84B-3CC6A07BE92E}"
EndProject
Project("{FAE04EC0-301F-11D3-BF4B-00C04F79EFBC}") = "BasicCompany.Feature.Navigation.Tests", "src\Feature\Navigation\tests\BasicCompany.Feature.Navigation.Tests.csproj", "{03A718E0-CA65-4D68-A248-9E01253D97DA}"
EndProject
Project("{2150E333-8FDC-42A3-9474-1A3956D46DE8}") = "Multisite", "Multisite", "{E51BE869-3AEE-43E2-9614-176DE116D1FC}"
EndProject
Project("{FAE04EC0-301F-11D3-BF4B-00C04F79EFBC}") = "BasicCompany.Foundation.Multisite", "src\Foundation\Multisite\website\BasicCompany.Foundation.Multisite.csproj", "{32C3E6DD-6531-450C-908C-2C71F392A571}"
EndProject
Project("{2150E333-8FDC-42A3-9474-1A3956D46DE8}") = "Products", "Products", "{CDB84AC1-5A02-4C07-954B-45AD9542104B}"
EndProject
Project("{FAE04EC0-301F-11D3-BF4B-00C04F79EFBC}") = "BasicCompany.Feature.Products", "src\Feature\Products\website\BasicCompany.Feature.Products.csproj", "{63CC52D8-ABA2-47A9-9490-44E71D4C2574}"
EndProject
Project("{FAE04EC0-301F-11D3-BF4B-00C04F79EFBC}") = "BasicCompany.Feature.Products.Tests", "src\Feature\Products\tests\BasicCompany.Feature.Products.Tests.csproj", "{05C712E6-E8C5-4744-B8E0-3C9D07571B0A}"
EndProject
Project("{2150E333-8FDC-42A3-9474-1A3956D46DE8}") = "Services", "Services", "{1114AD54-BF0A-41FC-82F6-E2F5E215885C}"
EndProject
Project("{FAE04EC0-301F-11D3-BF4B-00C04F79EFBC}") = "BasicCompany.Feature.Services", "src\Feature\Services\website\BasicCompany.Feature.Services.csproj", "{087D93EB-261B-4C05-A72F-5E72C4D7F043}"
EndProject
Project("{2150E333-8FDC-42A3-9474-1A3956D46DE8}") = "FieldRendering", "FieldRendering", "{F4D57DAD-E44A-49D3-BCF9-7F37B615ABBE}"
EndProject
Project("{FAE04EC0-301F-11D3-BF4B-00C04F79EFBC}") = "BasicCompany.Foundation.FieldRendering", "src\Foundation\FieldRendering\website\BasicCompany.Foundation.FieldRendering.csproj", "{508C9659-2186-4655-B24A-F2DE3744BAB5}"
EndProject
Project("{FAE04EC0-301F-11D3-BF4B-00C04F79EFBC}") = "Website", "src\Environment\Website\Website.csproj", "{B6FF7408-18B3-41FD-B89C-A51DC35B8E3A}"
EndProject
Global
	GlobalSection(SolutionConfigurationPlatforms) = preSolution
		Debug|Any CPU = Debug|Any CPU
		Release|Any CPU = Release|Any CPU
	EndGlobalSection
	GlobalSection(ProjectConfigurationPlatforms) = postSolution
		{816F099C-E14B-4468-9E34-87F993C6484D}.Debug|Any CPU.ActiveCfg = Debug|Any CPU
		{816F099C-E14B-4468-9E34-87F993C6484D}.Debug|Any CPU.Build.0 = Debug|Any CPU
		{816F099C-E14B-4468-9E34-87F993C6484D}.Release|Any CPU.ActiveCfg = Release|Any CPU
		{816F099C-E14B-4468-9E34-87F993C6484D}.Release|Any CPU.Build.0 = Release|Any CPU
		{8AC1D13A-3CD5-40BE-B392-363EAB8578D2}.Debug|Any CPU.ActiveCfg = Debug|Any CPU
		{8AC1D13A-3CD5-40BE-B392-363EAB8578D2}.Debug|Any CPU.Build.0 = Debug|Any CPU
		{8AC1D13A-3CD5-40BE-B392-363EAB8578D2}.Release|Any CPU.ActiveCfg = Release|Any CPU
		{8AC1D13A-3CD5-40BE-B392-363EAB8578D2}.Release|Any CPU.Build.0 = Release|Any CPU
		{86B7E1BD-DC6D-45DB-B11B-255B18C3CF62}.Debug|Any CPU.ActiveCfg = Debug|Any CPU
		{86B7E1BD-DC6D-45DB-B11B-255B18C3CF62}.Debug|Any CPU.Build.0 = Debug|Any CPU
		{86B7E1BD-DC6D-45DB-B11B-255B18C3CF62}.Release|Any CPU.ActiveCfg = Release|Any CPU
		{86B7E1BD-DC6D-45DB-B11B-255B18C3CF62}.Release|Any CPU.Build.0 = Release|Any CPU
		{6005F3A9-BB98-4F06-A84B-3CC6A07BE92E}.Debug|Any CPU.ActiveCfg = Debug|Any CPU
		{6005F3A9-BB98-4F06-A84B-3CC6A07BE92E}.Debug|Any CPU.Build.0 = Debug|Any CPU
		{6005F3A9-BB98-4F06-A84B-3CC6A07BE92E}.Release|Any CPU.ActiveCfg = Release|Any CPU
		{6005F3A9-BB98-4F06-A84B-3CC6A07BE92E}.Release|Any CPU.Build.0 = Release|Any CPU
		{03A718E0-CA65-4D68-A248-9E01253D97DA}.Debug|Any CPU.ActiveCfg = Debug|Any CPU
		{03A718E0-CA65-4D68-A248-9E01253D97DA}.Debug|Any CPU.Build.0 = Debug|Any CPU
		{03A718E0-CA65-4D68-A248-9E01253D97DA}.Release|Any CPU.ActiveCfg = Release|Any CPU
		{03A718E0-CA65-4D68-A248-9E01253D97DA}.Release|Any CPU.Build.0 = Release|Any CPU
		{32C3E6DD-6531-450C-908C-2C71F392A571}.Debug|Any CPU.ActiveCfg = Debug|Any CPU
		{32C3E6DD-6531-450C-908C-2C71F392A571}.Debug|Any CPU.Build.0 = Debug|Any CPU
		{32C3E6DD-6531-450C-908C-2C71F392A571}.Release|Any CPU.ActiveCfg = Release|Any CPU
		{32C3E6DD-6531-450C-908C-2C71F392A571}.Release|Any CPU.Build.0 = Release|Any CPU
		{63CC52D8-ABA2-47A9-9490-44E71D4C2574}.Debug|Any CPU.ActiveCfg = Debug|Any CPU
		{63CC52D8-ABA2-47A9-9490-44E71D4C2574}.Debug|Any CPU.Build.0 = Debug|Any CPU
		{63CC52D8-ABA2-47A9-9490-44E71D4C2574}.Release|Any CPU.ActiveCfg = Release|Any CPU
		{63CC52D8-ABA2-47A9-9490-44E71D4C2574}.Release|Any CPU.Build.0 = Release|Any CPU
		{05C712E6-E8C5-4744-B8E0-3C9D07571B0A}.Debug|Any CPU.ActiveCfg = Debug|Any CPU
		{05C712E6-E8C5-4744-B8E0-3C9D07571B0A}.Debug|Any CPU.Build.0 = Debug|Any CPU
		{05C712E6-E8C5-4744-B8E0-3C9D07571B0A}.Release|Any CPU.ActiveCfg = Release|Any CPU
		{05C712E6-E8C5-4744-B8E0-3C9D07571B0A}.Release|Any CPU.Build.0 = Release|Any CPU
		{087D93EB-261B-4C05-A72F-5E72C4D7F043}.Debug|Any CPU.ActiveCfg = Debug|Any CPU
		{087D93EB-261B-4C05-A72F-5E72C4D7F043}.Debug|Any CPU.Build.0 = Debug|Any CPU
		{087D93EB-261B-4C05-A72F-5E72C4D7F043}.Release|Any CPU.ActiveCfg = Release|Any CPU
		{087D93EB-261B-4C05-A72F-5E72C4D7F043}.Release|Any CPU.Build.0 = Release|Any CPU
		{508C9659-2186-4655-B24A-F2DE3744BAB5}.Debug|Any CPU.ActiveCfg = Debug|Any CPU
		{508C9659-2186-4655-B24A-F2DE3744BAB5}.Debug|Any CPU.Build.0 = Debug|Any CPU
		{508C9659-2186-4655-B24A-F2DE3744BAB5}.Release|Any CPU.ActiveCfg = Release|Any CPU
		{508C9659-2186-4655-B24A-F2DE3744BAB5}.Release|Any CPU.Build.0 = Release|Any CPU
		{B6FF7408-18B3-41FD-B89C-A51DC35B8E3A}.Debug|Any CPU.ActiveCfg = Debug|Any CPU
		{B6FF7408-18B3-41FD-B89C-A51DC35B8E3A}.Debug|Any CPU.Build.0 = Debug|Any CPU
		{B6FF7408-18B3-41FD-B89C-A51DC35B8E3A}.Release|Any CPU.ActiveCfg = Release|Any CPU
		{B6FF7408-18B3-41FD-B89C-A51DC35B8E3A}.Release|Any CPU.Build.0 = Release|Any CPU
	EndGlobalSection
	GlobalSection(SolutionProperties) = preSolution
		HideSolutionNode = FALSE
	EndGlobalSection
	GlobalSection(NestedProjects) = preSolution
		{2EB8DFF2-D05E-42B8-80B5-720E0BCE01BB} = {7A4E2EF5-1270-4001-92CD-6BC37E046205}
		{816F099C-E14B-4468-9E34-87F993C6484D} = {2EB8DFF2-D05E-42B8-80B5-720E0BCE01BB}
		{3FD32CAB-608B-4B92-A915-021E0EB11EC9} = {D0DD1773-D94E-47FC-9310-952C4ECEF69A}
		{8AC1D13A-3CD5-40BE-B392-363EAB8578D2} = {3FD32CAB-608B-4B92-A915-021E0EB11EC9}
		{9EF7E16A-71A7-48EB-823D-E682867B311E} = {EBD32547-E4EC-47C5-AD12-0188C2ECE110}
		{86B7E1BD-DC6D-45DB-B11B-255B18C3CF62} = {9EF7E16A-71A7-48EB-823D-E682867B311E}
		{3ED9BCB0-E918-456C-991A-9B033C17D92B} = {EBD32547-E4EC-47C5-AD12-0188C2ECE110}
		{6005F3A9-BB98-4F06-A84B-3CC6A07BE92E} = {3ED9BCB0-E918-456C-991A-9B033C17D92B}
		{03A718E0-CA65-4D68-A248-9E01253D97DA} = {3ED9BCB0-E918-456C-991A-9B033C17D92B}
		{E51BE869-3AEE-43E2-9614-176DE116D1FC} = {D0DD1773-D94E-47FC-9310-952C4ECEF69A}
		{32C3E6DD-6531-450C-908C-2C71F392A571} = {E51BE869-3AEE-43E2-9614-176DE116D1FC}
		{CDB84AC1-5A02-4C07-954B-45AD9542104B} = {EBD32547-E4EC-47C5-AD12-0188C2ECE110}
		{63CC52D8-ABA2-47A9-9490-44E71D4C2574} = {CDB84AC1-5A02-4C07-954B-45AD9542104B}
		{05C712E6-E8C5-4744-B8E0-3C9D07571B0A} = {CDB84AC1-5A02-4C07-954B-45AD9542104B}
		{1114AD54-BF0A-41FC-82F6-E2F5E215885C} = {EBD32547-E4EC-47C5-AD12-0188C2ECE110}
		{087D93EB-261B-4C05-A72F-5E72C4D7F043} = {1114AD54-BF0A-41FC-82F6-E2F5E215885C}
		{F4D57DAD-E44A-49D3-BCF9-7F37B615ABBE} = {D0DD1773-D94E-47FC-9310-952C4ECEF69A}
		{508C9659-2186-4655-B24A-F2DE3744BAB5} = {F4D57DAD-E44A-49D3-BCF9-7F37B615ABBE}
		{B6FF7408-18B3-41FD-B89C-A51DC35B8E3A} = {284C1E9C-9BD5-43BD-ADE2-8F5EFDC868D4}
	EndGlobalSection
	GlobalSection(ExtensibilityGlobals) = postSolution
		SolutionGuid = {7A7C4987-3A11-41A9-8915-5457EF7B5A6F}
	EndGlobalSection
EndGlobal
