
Microsoft Visual Studio Solution File, Format Version 12.00
# Visual Studio Version 16
VisualStudioVersion = 16.0.28729.10
MinimumVisualStudioVersion = 10.0.40219.1
Project("{2150E333-8FDC-42A3-9474-1A3956D46DE8}") = ".tds", ".tds", "{0F30B77C-3721-4CDF-8073-A46FAA354F26}"
	ProjectSection(SolutionItems) = preProject
		TdsGlobal.config = TdsGlobal.config
	EndProjectSection
EndProject
Project("{FAE04EC0-301F-11D3-BF4B-00C04F79EFBC}") = "BasicCompany.Web", "src\BasicCompany.Web\BasicCompany.Web.csproj", "{023339CE-EEA7-4E9B-9A7F-960202AD3135}"
EndProject
Project("{CAA73BB0-EF22-4D79-A57E-DF67B3BA9C80}") = "BasicCompany.Items.Master", "src\BasicCompany.Items.Master\BasicCompany.Items.Master.scproj", "{E05A9D06-5E80-4135-BAE2-DF19DA6B7E65}"
EndProject
Project("{CAA73BB0-EF22-4D79-A57E-DF67B3BA9C80}") = "BasicCompany.Items.Core", "src\BasicCompany.Items.Core\BasicCompany.Items.Core.scproj", "{7747C25F-D395-489A-BAD3-C9E3F1C989FE}"
EndProject
Project("{FAE04EC0-301F-11D3-BF4B-00C04F79EFBC}") = "BasicCompany.Web.Tests", "src\BasicCompany.Web.Tests\BasicCompany.Web.Tests.csproj", "{F519C1AB-3EF2-4F56-8BAA-53BD1F1DDBB4}"
EndProject
Project("{CAA73BB0-EF22-4D79-A57E-DF67B3BA9C80}") = "BasicCompany.Items.Content", "src\BasicCompany.Items.Content\BasicCompany.Items.Content.scproj", "{A2590AB7-F0FA-4099-BA75-F79D60BBBAFD}"
	ProjectSection(ProjectDependencies) = postProject
		{E05A9D06-5E80-4135-BAE2-DF19DA6B7E65} = {E05A9D06-5E80-4135-BAE2-DF19DA6B7E65}
	EndProjectSection
EndProject
Global
	GlobalSection(SolutionConfigurationPlatforms) = preSolution
		Debug|Any CPU = Debug|Any CPU
		Release|Any CPU = Release|Any CPU
	EndGlobalSection
	GlobalSection(ProjectConfigurationPlatforms) = postSolution
		{023339CE-EEA7-4E9B-9A7F-960202AD3135}.Debug|Any CPU.ActiveCfg = Debug|Any CPU
		{023339CE-EEA7-4E9B-9A7F-960202AD3135}.Debug|Any CPU.Build.0 = Debug|Any CPU
		{023339CE-EEA7-4E9B-9A7F-960202AD3135}.Release|Any CPU.ActiveCfg = Release|Any CPU
		{023339CE-EEA7-4E9B-9A7F-960202AD3135}.Release|Any CPU.Build.0 = Release|Any CPU
		{E05A9D06-5E80-4135-BAE2-DF19DA6B7E65}.Debug|Any CPU.ActiveCfg = Debug|Any CPU
		{E05A9D06-5E80-4135-BAE2-DF19DA6B7E65}.Debug|Any CPU.Build.0 = Debug|Any CPU
		{E05A9D06-5E80-4135-BAE2-DF19DA6B7E65}.Debug|Any CPU.Deploy.0 = Debug|Any CPU
		{E05A9D06-5E80-4135-BAE2-DF19DA6B7E65}.Release|Any CPU.ActiveCfg = Release|Any CPU
		{E05A9D06-5E80-4135-BAE2-DF19DA6B7E65}.Release|Any CPU.Build.0 = Release|Any CPU
		{E05A9D06-5E80-4135-BAE2-DF19DA6B7E65}.Release|Any CPU.Deploy.0 = Release|Any CPU
		{7747C25F-D395-489A-BAD3-C9E3F1C989FE}.Debug|Any CPU.ActiveCfg = Debug|Any CPU
		{7747C25F-D395-489A-BAD3-C9E3F1C989FE}.Debug|Any CPU.Build.0 = Debug|Any CPU
		{7747C25F-D395-489A-BAD3-C9E3F1C989FE}.Debug|Any CPU.Deploy.0 = Debug|Any CPU
		{7747C25F-D395-489A-BAD3-C9E3F1C989FE}.Release|Any CPU.ActiveCfg = Release|Any CPU
		{7747C25F-D395-489A-BAD3-C9E3F1C989FE}.Release|Any CPU.Build.0 = Release|Any CPU
		{7747C25F-D395-489A-BAD3-C9E3F1C989FE}.Release|Any CPU.Deploy.0 = Release|Any CPU
		{F519C1AB-3EF2-4F56-8BAA-53BD1F1DDBB4}.Debug|Any CPU.ActiveCfg = Debug|Any CPU
		{F519C1AB-3EF2-4F56-8BAA-53BD1F1DDBB4}.Debug|Any CPU.Build.0 = Debug|Any CPU
		{F519C1AB-3EF2-4F56-8BAA-53BD1F1DDBB4}.Release|Any CPU.ActiveCfg = Release|Any CPU
		{F519C1AB-3EF2-4F56-8BAA-53BD1F1DDBB4}.Release|Any CPU.Build.0 = Release|Any CPU
		{A2590AB7-F0FA-4099-BA75-F79D60BBBAFD}.Debug|Any CPU.ActiveCfg = Debug|Any CPU
		{A2590AB7-F0FA-4099-BA75-F79D60BBBAFD}.Debug|Any CPU.Build.0 = Debug|Any CPU
		{A2590AB7-F0FA-4099-BA75-F79D60BBBAFD}.Debug|Any CPU.Deploy.0 = Debug|Any CPU
		{A2590AB7-F0FA-4099-BA75-F79D60BBBAFD}.Release|Any CPU.ActiveCfg = Release|Any CPU
		{A2590AB7-F0FA-4099-BA75-F79D60BBBAFD}.Release|Any CPU.Build.0 = Release|Any CPU
		{A2590AB7-F0FA-4099-BA75-F79D60BBBAFD}.Release|Any CPU.Deploy.0 = Release|Any CPU
	EndGlobalSection
	GlobalSection(SolutionProperties) = preSolution
		HideSolutionNode = FALSE
	EndGlobalSection
	GlobalSection(ExtensibilityGlobals) = postSolution
		SolutionGuid = {7A7C4987-3A11-41A9-8915-5457EF7B5A6F}
	EndGlobalSection
EndGlobal
