
Microsoft Visual Studio Solution File, Format Version 12.00
# Visual Studio 15
VisualStudioVersion = 15.0.28307.136
MinimumVisualStudioVersion = 10.0.40219.1
Project("{2150E333-8FDC-42A3-9474-1A3956D46DE8}") = "Feature", "Feature", "{EBD32547-E4EC-47C5-AD12-0188C2ECE110}"
EndProject
Project("{2150E333-8FDC-42A3-9474-1A3956D46DE8}") = "Foundation", "Foundation", "{D0DD1773-D94E-47FC-9310-952C4ECEF69A}"
EndProject
Project("{2150E333-8FDC-42A3-9474-1A3956D46DE8}") = "Project", "Project", "{7A4E2EF5-1270-4001-92CD-6BC37E046205}"
EndProject
Project("{2150E333-8FDC-42A3-9474-1A3956D46DE8}") = "BasicCompany", "BasicCompany", "{2EB8DFF2-D05E-42B8-80B5-720E0BCE01BB}"
EndProject
Project("{FAE04EC0-301F-11D3-BF4B-00C04F79EFBC}") = "BasicCompany.Project.BasicCompany", "src\Project\BasicCompany\website\BasicCompany.Project.BasicCompany.csproj", "{816F099C-E14B-4468-9E34-87F993C6484D}"
EndProject
Project("{2150E333-8FDC-42A3-9474-1A3956D46DE8}") = "Deployment", "Deployment", "{284C1E9C-9BD5-43BD-ADE2-8F5EFDC868D4}"
EndProject
Project("{FAE04EC0-301F-11D3-BF4B-00C04F79EFBC}") = "Website", "src\Deployment\Website\Website.csproj", "{B6FF7408-18B3-41FD-B89C-A51DC35B8E3A}"
EndProject
Project("{2150E333-8FDC-42A3-9474-1A3956D46DE8}") = "Serialization", "Serialization", "{3FD32CAB-608B-4B92-A915-021E0EB11EC9}"
EndProject
Project("{FAE04EC0-301F-11D3-BF4B-00C04F79EFBC}") = "BasicCompany.Foundation.Serialization", "src\Foundation\Serialization\website\BasicCompany.Foundation.Serialization.csproj", "{8AC1D13A-3CD5-40BE-B392-363EAB8578D2}"
EndProject
Global
	GlobalSection(SolutionConfigurationPlatforms) = preSolution
		Debug|Any CPU = Debug|Any CPU
		Release|Any CPU = Release|Any CPU
	EndGlobalSection
	GlobalSection(ProjectConfigurationPlatforms) = postSolution
		{816F099C-E14B-4468-9E34-87F993C6484D}.Debug|Any CPU.ActiveCfg = Debug|Any CPU
		{816F099C-E14B-4468-9E34-87F993C6484D}.Debug|Any CPU.Build.0 = Debug|Any CPU
		{816F099C-E14B-4468-9E34-87F993C6484D}.Release|Any CPU.ActiveCfg = Release|Any CPU
		{816F099C-E14B-4468-9E34-87F993C6484D}.Release|Any CPU.Build.0 = Release|Any CPU
		{B6FF7408-18B3-41FD-B89C-A51DC35B8E3A}.Debug|Any CPU.ActiveCfg = Debug|Any CPU
		{B6FF7408-18B3-41FD-B89C-A51DC35B8E3A}.Debug|Any CPU.Build.0 = Debug|Any CPU
		{B6FF7408-18B3-41FD-B89C-A51DC35B8E3A}.Release|Any CPU.ActiveCfg = Release|Any CPU
		{B6FF7408-18B3-41FD-B89C-A51DC35B8E3A}.Release|Any CPU.Build.0 = Release|Any CPU
		{8AC1D13A-3CD5-40BE-B392-363EAB8578D2}.Debug|Any CPU.ActiveCfg = Debug|Any CPU
		{8AC1D13A-3CD5-40BE-B392-363EAB8578D2}.Debug|Any CPU.Build.0 = Debug|Any CPU
		{8AC1D13A-3CD5-40BE-B392-363EAB8578D2}.Release|Any CPU.ActiveCfg = Release|Any CPU
		{8AC1D13A-3CD5-40BE-B392-363EAB8578D2}.Release|Any CPU.Build.0 = Release|Any CPU
	EndGlobalSection
	GlobalSection(SolutionProperties) = preSolution
		HideSolutionNode = FALSE
	EndGlobalSection
	GlobalSection(NestedProjects) = preSolution
		{2EB8DFF2-D05E-42B8-80B5-720E0BCE01BB} = {7A4E2EF5-1270-4001-92CD-6BC37E046205}
		{816F099C-E14B-4468-9E34-87F993C6484D} = {2EB8DFF2-D05E-42B8-80B5-720E0BCE01BB}
		{B6FF7408-18B3-41FD-B89C-A51DC35B8E3A} = {284C1E9C-9BD5-43BD-ADE2-8F5EFDC868D4}
		{3FD32CAB-608B-4B92-A915-021E0EB11EC9} = {D0DD1773-D94E-47FC-9310-952C4ECEF69A}
		{8AC1D13A-3CD5-40BE-B392-363EAB8578D2} = {3FD32CAB-608B-4B92-A915-021E0EB11EC9}
	EndGlobalSection
	GlobalSection(ExtensibilityGlobals) = postSolution
		SolutionGuid = {7A7C4987-3A11-41A9-8915-5457EF7B5A6F}
	EndGlobalSection
EndGlobal
