
Microsoft Visual Studio Solution File, Format Version 12.00
# Visual Studio 15
VisualStudioVersion = 15.0.28307.136
MinimumVisualStudioVersion = 10.0.40219.1
Project("{2150E333-8FDC-42A3-9474-1A3956D46DE8}") = "Feature", "Feature", "{EBD32547-E4EC-47C5-AD12-0188C2ECE110}"
EndProject
Project("{2150E333-8FDC-42A3-9474-1A3956D46DE8}") = "Foundation", "Foundation", "{D0DD1773-D94E-47FC-9310-952C4ECEF69A}"
EndProject
Project("{2150E333-8FDC-42A3-9474-1A3956D46DE8}") = "Project", "Project", "{7A4E2EF5-1270-4001-92CD-6BC37E046205}"
EndProject
Project("{2150E333-8FDC-42A3-9474-1A3956D46DE8}") = "BasicCompany", "BasicCompany", "{2EB8DFF2-D05E-42B8-80B5-720E0BCE01BB}"
EndProject
Project("{FAE04EC0-301F-11D3-BF4B-00C04F79EFBC}") = "BasicCompany.Project.BasicCompany", "src\Project\BasicCompany\website\BasicCompany.Project.BasicCompany.csproj", "{816F099C-E14B-4468-9E34-87F993C6484D}"
EndProject
Project("{2150E333-8FDC-42A3-9474-1A3956D46DE8}") = "Test", "Test", "{4EF12709-18AC-4166-9451-C19B1DD17159}"
EndProject
Project("{FAE04EC0-301F-11D3-BF4B-00C04F79EFBC}") = "BasicCompany.Feature.Test", "src\Feature\Test\website\BasicCompany.Feature.Test.csproj", "{DA609F5D-CCED-4619-AC7F-D9C5C6A05FB7}"
EndProject
Project("{2150E333-8FDC-42A3-9474-1A3956D46DE8}") = "Deployment", "Deployment", "{284C1E9C-9BD5-43BD-ADE2-8F5EFDC868D4}"
EndProject
Project("{FAE04EC0-301F-11D3-BF4B-00C04F79EFBC}") = "Website", "src\Deployment\Website\Website.csproj", "{B6FF7408-18B3-41FD-B89C-A51DC35B8E3A}"
EndProject
Project("{2150E333-8FDC-42A3-9474-1A3956D46DE8}") = "Test2", "Test2", "{6E3EA790-1F63-428F-B8C1-F6F32186CA74}"
EndProject
Project("{FAE04EC0-301F-11D3-BF4B-00C04F79EFBC}") = "BasicCompany.Feature.Test2", "src\Feature\Test2\website\BasicCompany.Feature.Test2.csproj", "{42A68B00-4792-4F06-A924-15F7D4B3393B}"
EndProject
Project("{2150E333-8FDC-42A3-9474-1A3956D46DE8}") = "Serialization", "Serialization", "{3FD32CAB-608B-4B92-A915-021E0EB11EC9}"
EndProject
Project("{FAE04EC0-301F-11D3-BF4B-00C04F79EFBC}") = "BasicCompany.Foundation.Serialization", "src\Foundation\Serialization\website\BasicCompany.Foundation.Serialization.csproj", "{8AC1D13A-3CD5-40BE-B392-363EAB8578D2}"
EndProject
Project("{2150E333-8FDC-42A3-9474-1A3956D46DE8}") = "FeatureTest5", "FeatureTest5", "{F1D1A474-E1DE-4F33-AF50-24A521DCA80E}"
EndProject
Project("{FAE04EC0-301F-11D3-BF4B-00C04F79EFBC}") = "BasicCompany.Feature.FeatureTest5", "src\Feature\FeatureTest5\website\BasicCompany.Feature.FeatureTest5.csproj", "{FCF35B27-2EED-4F0E-8190-902428B2830D}"
EndProject
Project("{2150E333-8FDC-42A3-9474-1A3956D46DE8}") = "FoundationTest5", "FoundationTest5", "{AFF80FEF-2805-4D58-90F2-A92618C36C34}"
EndProject
Project("{FAE04EC0-301F-11D3-BF4B-00C04F79EFBC}") = "BasicCompany.Foundation.FoundationTest5", "src\Foundation\FoundationTest5\website\BasicCompany.Foundation.FoundationTest5.csproj", "{D900B2FD-485F-4258-8962-F4261013BCC4}"
EndProject
Project("{2150E333-8FDC-42A3-9474-1A3956D46DE8}") = "ProjectTest5", "ProjectTest5", "{4EB78C9E-B957-4545-84AC-2F14A675702F}"
EndProject
Project("{FAE04EC0-301F-11D3-BF4B-00C04F79EFBC}") = "BasicCompany.Project.ProjectTest5", "src\Project\ProjectTest5\website\BasicCompany.Project.ProjectTest5.csproj", "{927648A2-EBA3-4B17-B6DA-94A83665A7BA}"
EndProject
Global
	GlobalSection(SolutionConfigurationPlatforms) = preSolution
		Debug|Any CPU = Debug|Any CPU
		Release|Any CPU = Release|Any CPU
	EndGlobalSection
	GlobalSection(ProjectConfigurationPlatforms) = postSolution
		{816F099C-E14B-4468-9E34-87F993C6484D}.Debug|Any CPU.ActiveCfg = Debug|Any CPU
		{816F099C-E14B-4468-9E34-87F993C6484D}.Debug|Any CPU.Build.0 = Debug|Any CPU
		{816F099C-E14B-4468-9E34-87F993C6484D}.Release|Any CPU.ActiveCfg = Release|Any CPU
		{816F099C-E14B-4468-9E34-87F993C6484D}.Release|Any CPU.Build.0 = Release|Any CPU
		{DA609F5D-CCED-4619-AC7F-D9C5C6A05FB7}.Debug|Any CPU.ActiveCfg = Debug|Any CPU
		{DA609F5D-CCED-4619-AC7F-D9C5C6A05FB7}.Debug|Any CPU.Build.0 = Debug|Any CPU
		{DA609F5D-CCED-4619-AC7F-D9C5C6A05FB7}.Release|Any CPU.ActiveCfg = Release|Any CPU
		{DA609F5D-CCED-4619-AC7F-D9C5C6A05FB7}.Release|Any CPU.Build.0 = Release|Any CPU
		{B6FF7408-18B3-41FD-B89C-A51DC35B8E3A}.Debug|Any CPU.ActiveCfg = Debug|Any CPU
		{B6FF7408-18B3-41FD-B89C-A51DC35B8E3A}.Debug|Any CPU.Build.0 = Debug|Any CPU
		{B6FF7408-18B3-41FD-B89C-A51DC35B8E3A}.Release|Any CPU.ActiveCfg = Release|Any CPU
		{B6FF7408-18B3-41FD-B89C-A51DC35B8E3A}.Release|Any CPU.Build.0 = Release|Any CPU
		{42A68B00-4792-4F06-A924-15F7D4B3393B}.Debug|Any CPU.ActiveCfg = Debug|Any CPU
		{42A68B00-4792-4F06-A924-15F7D4B3393B}.Debug|Any CPU.Build.0 = Debug|Any CPU
		{42A68B00-4792-4F06-A924-15F7D4B3393B}.Release|Any CPU.ActiveCfg = Release|Any CPU
		{42A68B00-4792-4F06-A924-15F7D4B3393B}.Release|Any CPU.Build.0 = Release|Any CPU
		{8AC1D13A-3CD5-40BE-B392-363EAB8578D2}.Debug|Any CPU.ActiveCfg = Debug|Any CPU
		{8AC1D13A-3CD5-40BE-B392-363EAB8578D2}.Debug|Any CPU.Build.0 = Debug|Any CPU
		{8AC1D13A-3CD5-40BE-B392-363EAB8578D2}.Release|Any CPU.ActiveCfg = Release|Any CPU
		{8AC1D13A-3CD5-40BE-B392-363EAB8578D2}.Release|Any CPU.Build.0 = Release|Any CPU
		{FCF35B27-2EED-4F0E-8190-902428B2830D}.Debug|Any CPU.ActiveCfg = Debug|Any CPU
		{FCF35B27-2EED-4F0E-8190-902428B2830D}.Debug|Any CPU.Build.0 = Debug|Any CPU
		{FCF35B27-2EED-4F0E-8190-902428B2830D}.Release|Any CPU.ActiveCfg = Release|Any CPU
		{FCF35B27-2EED-4F0E-8190-902428B2830D}.Release|Any CPU.Build.0 = Release|Any CPU
		{D900B2FD-485F-4258-8962-F4261013BCC4}.Debug|Any CPU.ActiveCfg = Debug|Any CPU
		{D900B2FD-485F-4258-8962-F4261013BCC4}.Debug|Any CPU.Build.0 = Debug|Any CPU
		{D900B2FD-485F-4258-8962-F4261013BCC4}.Release|Any CPU.ActiveCfg = Release|Any CPU
		{D900B2FD-485F-4258-8962-F4261013BCC4}.Release|Any CPU.Build.0 = Release|Any CPU
		{927648A2-EBA3-4B17-B6DA-94A83665A7BA}.Debug|Any CPU.ActiveCfg = Debug|Any CPU
		{927648A2-EBA3-4B17-B6DA-94A83665A7BA}.Debug|Any CPU.Build.0 = Debug|Any CPU
		{927648A2-EBA3-4B17-B6DA-94A83665A7BA}.Release|Any CPU.ActiveCfg = Release|Any CPU
		{927648A2-EBA3-4B17-B6DA-94A83665A7BA}.Release|Any CPU.Build.0 = Release|Any CPU
	EndGlobalSection
	GlobalSection(SolutionProperties) = preSolution
		HideSolutionNode = FALSE
	EndGlobalSection
	GlobalSection(NestedProjects) = preSolution
		{2EB8DFF2-D05E-42B8-80B5-720E0BCE01BB} = {7A4E2EF5-1270-4001-92CD-6BC37E046205}
		{816F099C-E14B-4468-9E34-87F993C6484D} = {2EB8DFF2-D05E-42B8-80B5-720E0BCE01BB}
		{4EF12709-18AC-4166-9451-C19B1DD17159} = {EBD32547-E4EC-47C5-AD12-0188C2ECE110}
		{DA609F5D-CCED-4619-AC7F-D9C5C6A05FB7} = {4EF12709-18AC-4166-9451-C19B1DD17159}
		{B6FF7408-18B3-41FD-B89C-A51DC35B8E3A} = {284C1E9C-9BD5-43BD-ADE2-8F5EFDC868D4}
		{6E3EA790-1F63-428F-B8C1-F6F32186CA74} = {EBD32547-E4EC-47C5-AD12-0188C2ECE110}
		{42A68B00-4792-4F06-A924-15F7D4B3393B} = {6E3EA790-1F63-428F-B8C1-F6F32186CA74}
		{3FD32CAB-608B-4B92-A915-021E0EB11EC9} = {D0DD1773-D94E-47FC-9310-952C4ECEF69A}
		{8AC1D13A-3CD5-40BE-B392-363EAB8578D2} = {3FD32CAB-608B-4B92-A915-021E0EB11EC9}
		{F1D1A474-E1DE-4F33-AF50-24A521DCA80E} = {EBD32547-E4EC-47C5-AD12-0188C2ECE110}
		{FCF35B27-2EED-4F0E-8190-902428B2830D} = {F1D1A474-E1DE-4F33-AF50-24A521DCA80E}
		{AFF80FEF-2805-4D58-90F2-A92618C36C34} = {D0DD1773-D94E-47FC-9310-952C4ECEF69A}
		{D900B2FD-485F-4258-8962-F4261013BCC4} = {AFF80FEF-2805-4D58-90F2-A92618C36C34}
		{4EB78C9E-B957-4545-84AC-2F14A675702F} = {7A4E2EF5-1270-4001-92CD-6BC37E046205}
		{927648A2-EBA3-4B17-B6DA-94A83665A7BA} = {4EB78C9E-B957-4545-84AC-2F14A675702F}
	EndGlobalSection
	GlobalSection(ExtensibilityGlobals) = postSolution
		SolutionGuid = {7A7C4987-3A11-41A9-8915-5457EF7B5A6F}
	EndGlobalSection
EndGlobal
